<?xml version="1.0" encoding="utf-8"?>
<Project ToolsVersion="4.0" xmlns="http://schemas.microsoft.com/developer/msbuild/2003">
  <ItemGroup>
    <Filter Include="Common">
      <UniqueIdentifier>2322ed56-218c-40ee-ad09-980b86d1f715</UniqueIdentifier>
    </Filter>
    <Filter Include="Assets">
      <UniqueIdentifier>f7679fae-c959-455c-972a-0d5eb9057f09</UniqueIdentifier>
      <Extensions>bmp;fbx;gif;jpg;jpeg;tga;tiff;tif;png</Extensions>
    </Filter>
    <Filter Include="Content">
      <UniqueIdentifier>7b53ec4b-4536-4842-b78e-c1a86c3bbbc4</UniqueIdentifier>
    </Filter>
    <ClInclude Include="Common\d3dx12.h">
      <Filter>Common</Filter>
    </ClInclude>
    <ClInclude Include="Common\StepTimer.h">
      <Filter>Common</Filter>
    </ClInclude>
    <ClInclude Include="Common\DeviceResources.h">
      <Filter>Common</Filter>
    </ClInclude>
    <ClCompile Include="Common\DeviceResources.cpp">
      <Filter>Common</Filter>
    </ClCompile>
    <ClInclude Include="Content\ShaderStructures.h">
      <Filter>Content</Filter>
    </ClInclude>
    <FxCompile Include="Content\SamplePixelShader.hlsl">
      <Filter>Content</Filter>
    </FxCompile>
    <FxCompile Include="Content\SampleVertexShader.hlsl">
      <Filter>Content</Filter>
    </FxCompile>
    <Image Include="Assets\LockScreenLogo.scale-200.png">
      <Filter>Assets</Filter>
    </Image>
    <Image Include="Assets\SplashScreen.scale-200.png">
      <Filter>Assets</Filter>
    </Image>
    <Image Include="Assets\Square150x150Logo.scale-200.png">
      <Filter>Assets</Filter>
    </Image>
    <Image Include="Assets\Square44x44Logo.scale-200.png">
      <Filter>Assets</Filter>
    </Image>
    <Image Include="Assets\Square44x44Logo.targetsize-24_altform-unplated.png">
      <Filter>Assets</Filter>
    </Image>
    <Image Include="Assets\StoreLogo.png">
      <Filter>Assets</Filter>
    </Image>
    <Image Include="Assets\Wide310x150Logo.scale-200.png">
      <Filter>Assets</Filter>
    </Image>
    <Filter Include="DXR">
      <UniqueIdentifier>{1a4f0b85-d52c-48b9-a82a-379a9e94539c}</UniqueIdentifier>
    </Filter>
    <Filter Include="DXR\NvidiaDev">
      <UniqueIdentifier>{c2c54fd2-0d93-4ccc-8c0b-f006274a8d52}</UniqueIdentifier>
    </Filter>
    <Filter Include="DXR\NvidiaDev\Source Files">
      <UniqueIdentifier>{12b78bfc-9ad2-4f73-9be8-b42c2a366a3a}</UniqueIdentifier>
    </Filter>
    <Filter Include="DXR\NvidiaDev\Header Files">
      <UniqueIdentifier>{b3ccbca9-33c4-4f9d-a53b-47ff612a86b9}</UniqueIdentifier>
    </Filter>
    <Filter Include="DXR\AceRaytracing">
      <UniqueIdentifier>{5409d2ab-f403-4eb1-aff8-4398b5e38ba9}</UniqueIdentifier>
    </Filter>
    <Filter Include="DXR\AceRaytracing\Graphics">
      <UniqueIdentifier>{335545d0-d880-45da-8a3e-eefd393edbcd}</UniqueIdentifier>
    </Filter>
    <Filter Include="DXR\AceRaytracing\Graphics\Utils">
      <UniqueIdentifier>{95e639fb-733c-43d1-9f0e-06a14b27b07b}</UniqueIdentifier>
    </Filter>
    <Filter Include="DXR\AceRaytracing\Graphics\Utils\Header Files">
      <UniqueIdentifier>{62b9c5b9-337b-4362-a568-576bda52004c}</UniqueIdentifier>
    </Filter>
    <Filter Include="DXR\AceRaytracing\Graphics\Utils\Source Files">
      <UniqueIdentifier>{3cfbdd40-b45b-4074-a8bd-3eabb4e48842}</UniqueIdentifier>
    </Filter>
    <Filter Include="DXR\AceRaytracing\Graphics\DXR">
      <UniqueIdentifier>{b90a7df4-c52c-47ee-8251-9182db29ec63}</UniqueIdentifier>
    </Filter>
    <Filter Include="DXR\AceRaytracing\Graphics\DXR\Source Files">
      <UniqueIdentifier>{48307bf6-f81e-4ce9-904a-49f1ec70e635}</UniqueIdentifier>
    </Filter>
    <Filter Include="DXR\AceRaytracing\Graphics\DXR\Header Files">
      <UniqueIdentifier>{e1baa34d-b172-419d-ac21-17ae3e30932c}</UniqueIdentifier>
    </Filter>
    <Filter Include="DXR\AceRaytracing\Graphics\Common">
      <UniqueIdentifier>{481f9b62-7f73-4f56-95e9-a27a95877ea8}</UniqueIdentifier>
    </Filter>
    <Filter Include="DXR\AceRaytracing\Graphics\Common\Header Files">
      <UniqueIdentifier>{513d2d3a-e3b4-4852-8b4e-e7e0adc08bf2}</UniqueIdentifier>
    </Filter>
    <Filter Include="DXR\AceRaytracing\Graphics\Common\Source Files">
      <UniqueIdentifier>{bff4e298-ab86-43ce-ba2e-9e9ccc18b5f9}</UniqueIdentifier>
    </Filter>
    <Filter Include="Shaders">
      <UniqueIdentifier>{ab6c5955-8a4e-447a-9bc5-95d4fa5458dc}</UniqueIdentifier>
    </Filter>
    <Filter Include="Shaders\SonarRayMarch">
      <UniqueIdentifier>{4e76ab50-d41e-4421-973e-b070f14efe9f}</UniqueIdentifier>
    </Filter>
    <Filter Include="Shaders\SonarRTX">
      <UniqueIdentifier>{e5818060-e30d-46e8-8f36-54b0cf5b4b43}</UniqueIdentifier>
    </Filter>
  </ItemGroup>
  <ItemGroup>
    <ClCompile Include="App.cpp" />
    <ClCompile Include="SonarPropagationMain.cpp" />
    <ClCompile Include="pch.cpp" />
    <ClCompile Include="DXR\RayTracingRenderer.cpp">
      <Filter>DXR\AceRaytracing\Graphics\DXR\Source Files</Filter>
    </ClCompile>
    <ClCompile Include="DXR\Nvidia\nv_helpers_dx12\BottomLevelASGenerator.cpp">
      <Filter>DXR\NvidiaDev\Source Files</Filter>
    </ClCompile>
    <ClCompile Include="DXR\Nvidia\nv_helpers_dx12\RaytracingPipelineGenerator.cpp">
      <Filter>DXR\NvidiaDev\Source Files</Filter>
    </ClCompile>
    <ClCompile Include="DXR\Nvidia\nv_helpers_dx12\RootSignatureGenerator.cpp">
      <Filter>DXR\NvidiaDev\Source Files</Filter>
    </ClCompile>
    <ClCompile Include="DXR\Nvidia\nv_helpers_dx12\ShaderBindingTableGenerator.cpp">
      <Filter>DXR\NvidiaDev\Source Files</Filter>
    </ClCompile>
    <ClCompile Include="DXR\Nvidia\nv_helpers_dx12\TopLevelASGenerator.cpp">
      <Filter>DXR\NvidiaDev\Source Files</Filter>
    </ClCompile>
    <ClCompile Include="DXR\Nvidia\DXSample.cpp">
      <Filter>DXR\NvidiaDev</Filter>
    </ClCompile>
    <ClCompile Include="DXR\DXRHelpers\ShaderUtils.cpp">
      <Filter>DXR\AceRaytracing\Graphics\Utils\Source Files</Filter>
    </ClCompile>
    <ClCompile Include="DXR\DXRHelpers\MeshUtils.cpp">
      <Filter>DXR\AceRaytracing\Graphics\Utils\Source Files</Filter>
    </ClCompile>
    <ClCompile Include="Common\Camera.cpp">
      <Filter>DXR\AceRaytracing\Graphics\Common\Source Files</Filter>
    </ClCompile>
    <ClCompile Include="Common\CameraController.cpp">
      <Filter>DXR\AceRaytracing\Graphics\Common\Source Files</Filter>
    </ClCompile>
    <ClCompile Include="Common\ImGuiManager.cpp">
      <Filter>DXR\AceRaytracing\Graphics\Common\Source Files</Filter>
    </ClCompile>
    <ClCompile Include="Common\thirdparty\imgui_impl_uwp.cpp">
      <Filter>DXR\AceRaytracing\Graphics\Common\Source Files</Filter>
    </ClCompile>
    <ClCompile Include="Common\ObjLoader.cpp">
      <Filter>DXR\AceRaytracing\Graphics\Common\Source Files</Filter>
    </ClCompile>
    <ClCompile Include="Common\Scene.cpp">
      <Filter>DXR\AceRaytracing\Graphics\Common\Source Files</Filter>
    </ClCompile>
    <ClCompile Include="Common\ObjectLibrary.cpp">
      <Filter>DXR\AceRaytracing\Graphics\Common\Source Files</Filter>
    </ClCompile>
  </ItemGroup>
  <ItemGroup>
    <ClInclude Include="App.h" />
    <ClInclude Include="SonarPropagationMain.h" />
    <ClInclude Include="pch.h" />
    <ClInclude Include="DXR\RayTracingRenderer.h">
      <Filter>DXR\AceRaytracing\Graphics\DXR\Header Files</Filter>
    </ClInclude>
    <ClInclude Include="DXR\Nvidia\nv_helpers_dx12\BottomLevelASGenerator.h">
      <Filter>DXR\NvidiaDev\Header Files</Filter>
    </ClInclude>
    <ClInclude Include="DXR\Nvidia\nv_helpers_dx12\RaytracingPipelineGenerator.h">
      <Filter>DXR\NvidiaDev\Header Files</Filter>
    </ClInclude>
    <ClInclude Include="DXR\Nvidia\nv_helpers_dx12\RootSignatureGenerator.h">
      <Filter>DXR\NvidiaDev\Header Files</Filter>
    </ClInclude>
    <ClInclude Include="DXR\Nvidia\nv_helpers_dx12\ShaderBindingTableGenerator.h">
      <Filter>DXR\NvidiaDev\Header Files</Filter>
    </ClInclude>
    <ClInclude Include="DXR\Nvidia\nv_helpers_dx12\TopLevelASGenerator.h">
      <Filter>DXR\NvidiaDev\Header Files</Filter>
    </ClInclude>
    <ClInclude Include="DXR\Nvidia\nvidia_include.h">
      <Filter>DXR\NvidiaDev</Filter>
    </ClInclude>
    <ClInclude Include="DXR\Nvidia\d3dx12.h">
      <Filter>DXR\NvidiaDev</Filter>
    </ClInclude>
    <ClInclude Include="DXR\Nvidia\DXSample.h">
      <Filter>DXR\NvidiaDev</Filter>
    </ClInclude>
    <ClInclude Include="DXR\Nvidia\DXSampleHelper.h">
      <Filter>DXR\NvidiaDev</Filter>
    </ClInclude>
    <ClInclude Include="DXR\Nvidia\DXRHelper.h">
      <Filter>DXR\NvidiaDev</Filter>
    </ClInclude>
    <ClInclude Include="Common\DirectXHelper.h">
      <Filter>Common</Filter>
    </ClInclude>
    <ClInclude Include="DXR\DXRHelpers\Structures.h">
      <Filter>DXR\AceRaytracing\Graphics\Utils\Header Files</Filter>
    </ClInclude>
    <ClInclude Include="DXR\DXRHelpers\Common.h">
      <Filter>DXR\AceRaytracing\Graphics\Utils\Header Files</Filter>
    </ClInclude>
    <ClInclude Include="DXR\DXRHelpers\thirdparty\dxc\dxcapi.use.h">
      <Filter>DXR\AceRaytracing\Graphics\Utils\Header Files</Filter>
    </ClInclude>
    <ClInclude Include="DXR\DXRHelpers\ShaderUtils.h">
      <Filter>DXR\AceRaytracing\Graphics\Utils\Header Files</Filter>
    </ClInclude>
    <ClInclude Include="DXR\DXRHelpers\MeshUtils.h">
      <Filter>DXR\AceRaytracing\Graphics\Utils\Header Files</Filter>
    </ClInclude>
    <ClInclude Include="Common\Camera.h">
      <Filter>DXR\AceRaytracing\Graphics\Common\Header Files</Filter>
    </ClInclude>
    <ClInclude Include="Common\CameraController.h">
      <Filter>DXR\AceRaytracing\Graphics\Common\Header Files</Filter>
    </ClInclude>
    <ClInclude Include="Common\ImGuiManager.h">
      <Filter>DXR\AceRaytracing\Graphics\Common\Header Files</Filter>
    </ClInclude>
    <ClInclude Include="Common\thirdparty\imgui_impl_uwp.h">
      <Filter>DXR\AceRaytracing\Graphics\Common\Header Files</Filter>
    </ClInclude>
    <ClInclude Include="DXR\RayTracingConfig.h">
      <Filter>DXR\AceRaytracing\Graphics\DXR\Header Files</Filter>
    </ClInclude>
    <ClInclude Include="Common\ObjLoader.h">
      <Filter>DXR\AceRaytracing\Graphics\Common\Header Files</Filter>
    </ClInclude>
    <ClInclude Include="Common\Scene.h">
      <Filter>DXR\AceRaytracing\Graphics\Common\Header Files</Filter>
    </ClInclude>
    <ClInclude Include="Common\ObjectLibrary.h">
      <Filter>DXR\AceRaytracing\Graphics\Common\Header Files</Filter>
    </ClInclude>
    <ClInclude Include="Common\BufferData.h">
      <Filter>DXR\AceRaytracing\Graphics\Common\Header Files</Filter>
    </ClInclude>
    <ClInclude Include="Common\Model.h">
      <Filter>DXR\AceRaytracing\Graphics\Common\Header Files</Filter>
    </ClInclude>
    <ClInclude Include="Common\ObjectType.h">
      <Filter>DXR\AceRaytracing\Graphics\Common\Header Files</Filter>
    </ClInclude>
  </ItemGroup>
  <ItemGroup>
    <AppxManifest Include="Package.appxmanifest" />
  </ItemGroup>
  <ItemGroup>
    <None Include="packages.config" />
  </ItemGroup>
  <ItemGroup>
    <FxCompile Include="Shaders\Common.hlsl">
      <Filter>Shaders</Filter>
    </FxCompile>
    <FxCompile Include="Shaders\Hit.hlsl">
      <Filter>Shaders</Filter>
    </FxCompile>
    <FxCompile Include="Shaders\Miss.hlsl">
      <Filter>Shaders</Filter>
    </FxCompile>
    <FxCompile Include="Shaders\RayGen.hlsl">
      <Filter>Shaders</Filter>
    </FxCompile>
    <FxCompile Include="Shaders\Reflection.hlsl">
      <Filter>Shaders</Filter>
    </FxCompile>
    <FxCompile Include="Shaders\Shadow.hlsl">
      <Filter>Shaders</Filter>
    </FxCompile>
    <FxCompile Include="Shaders\SonarShaders\SonarEq.hlsl">
      <Filter>Shaders\SonarRayMarch</Filter>
    </FxCompile>
    <FxCompile Include="Shaders\SonarShaders\SonarUtils.hlsl">
      <Filter>Shaders\SonarRayMarch</Filter>
    </FxCompile>
    <FxCompile Include="Shaders\SonarShaders\RayMarch.hlsl">
      <Filter>Shaders\SonarRayMarch</Filter>
    </FxCompile>
    <FxCompile Include="Shaders\SonarShaders\BoundaryHit.hlsl">
      <Filter>Shaders\SonarRTX</Filter>
    </FxCompile>
    <FxCompile Include="Shaders\SonarShaders\BoundaryMiss.hlsl">
      <Filter>Shaders\SonarRTX</Filter>
    </FxCompile>
    <FxCompile Include="Shaders\SonarShaders\ObjectHit.hlsl">
      <Filter>Shaders\SonarRTX</Filter>
    </FxCompile>
    <FxCompile Include="Shaders\SonarShaders\ObjectMiss.hlsl">
      <Filter>Shaders\SonarRTX</Filter>
    </FxCompile>
    <FxCompile Include="Shaders\SonarShaders\SonarCommon.hlsl">
      <Filter>Shaders\SonarRTX</Filter>
    </FxCompile>
  </ItemGroup>
</Project>