<?xml version="1.0" encoding="utf-8"?>
<Project ToolsVersion="4.0" xmlns="http://schemas.microsoft.com/developer/msbuild/2003">
  <ItemGroup>
    <Filter Include="Common">
      <UniqueIdentifier>2322ed56-218c-40ee-ad09-980b86d1f715</UniqueIdentifier>
    </Filter>
    <Filter Include="Assets">
      <UniqueIdentifier>f7679fae-c959-455c-972a-0d5eb9057f09</UniqueIdentifier>
      <Extensions>bmp;fbx;gif;jpg;jpeg;tga;tiff;tif;png</Extensions>
    </Filter>
    <Filter Include="Content">
      <UniqueIdentifier>7b53ec4b-4536-4842-b78e-c1a86c3bbbc4</UniqueIdentifier>
    </Filter>
    <ClInclude Include="Common\d3dx12.h">
      <Filter>Common</Filter>
    </ClInclude>
    <ClInclude Include="Common\DirectXHelper.h">
      <Filter>Common</Filter>
    </ClInclude>
    <ClInclude Include="Common\StepTimer.h">
      <Filter>Common</Filter>
    </ClInclude>
    <ClInclude Include="Common\DeviceResources.h">
      <Filter>Common</Filter>
    </ClInclude>
    <ClCompile Include="Common\DeviceResources.cpp">
      <Filter>Common</Filter>
    </ClCompile>
    <ClInclude Include="Content\Sample3DSceneRenderer.h">
      <Filter>Content</Filter>
    </ClInclude>
    <ClInclude Include="Content\ShaderStructures.h">
      <Filter>Content</Filter>
    </ClInclude>
    <ClCompile Include="Content\Sample3DSceneRenderer.cpp">
      <Filter>Content</Filter>
    </ClCompile>
    <FxCompile Include="Content\SamplePixelShader.hlsl">
      <Filter>Content</Filter>
    </FxCompile>
    <FxCompile Include="Content\SampleVertexShader.hlsl">
      <Filter>Content</Filter>
    </FxCompile>
    <Image Include="Assets\LockScreenLogo.scale-200.png">
      <Filter>Assets</Filter>
    </Image>
    <Image Include="Assets\SplashScreen.scale-200.png">
      <Filter>Assets</Filter>
    </Image>
    <Image Include="Assets\Square150x150Logo.scale-200.png">
      <Filter>Assets</Filter>
    </Image>
    <Image Include="Assets\Square44x44Logo.scale-200.png">
      <Filter>Assets</Filter>
    </Image>
    <Image Include="Assets\Square44x44Logo.targetsize-24_altform-unplated.png">
      <Filter>Assets</Filter>
    </Image>
    <Image Include="Assets\StoreLogo.png">
      <Filter>Assets</Filter>
    </Image>
    <Image Include="Assets\Wide310x150Logo.scale-200.png">
      <Filter>Assets</Filter>
    </Image>
    <Filter Include="DXR">
      <UniqueIdentifier>{1a4f0b85-d52c-48b9-a82a-379a9e94539c}</UniqueIdentifier>
    </Filter>
    <Filter Include="DXR\NvidiaDev">
      <UniqueIdentifier>{c2c54fd2-0d93-4ccc-8c0b-f006274a8d52}</UniqueIdentifier>
    </Filter>
    <Filter Include="DXR\Source Files">
      <UniqueIdentifier>{48307bf6-f81e-4ce9-904a-49f1ec70e635}</UniqueIdentifier>
    </Filter>
    <Filter Include="DXR\NvidiaDev\Source Files">
      <UniqueIdentifier>{12b78bfc-9ad2-4f73-9be8-b42c2a366a3a}</UniqueIdentifier>
    </Filter>
    <Filter Include="DXR\NvidiaDev\Header Files">
      <UniqueIdentifier>{b3ccbca9-33c4-4f9d-a53b-47ff612a86b9}</UniqueIdentifier>
    </Filter>
    <Filter Include="DXR\Header Files">
      <UniqueIdentifier>{e1baa34d-b172-419d-ac21-17ae3e30932c}</UniqueIdentifier>
    </Filter>
  </ItemGroup>
  <ItemGroup>
    <ClCompile Include="App.cpp" />
    <ClCompile Include="SonarPropagationMain.cpp" />
    <ClCompile Include="pch.cpp" />
    <ClCompile Include="DXR\RayTracingRenderer.cpp">
      <Filter>DXR\Source Files</Filter>
    </ClCompile>
    <ClCompile Include="DXR\Nvidia\nv_helpers_dx12\BottomLevelASGenerator.cpp">
      <Filter>DXR\NvidiaDev\Source Files</Filter>
    </ClCompile>
    <ClCompile Include="DXR\Nvidia\nv_helpers_dx12\RaytracingPipelineGenerator.cpp">
      <Filter>DXR\NvidiaDev\Source Files</Filter>
    </ClCompile>
    <ClCompile Include="DXR\Nvidia\nv_helpers_dx12\RootSignatureGenerator.cpp">
      <Filter>DXR\NvidiaDev\Source Files</Filter>
    </ClCompile>
    <ClCompile Include="DXR\Nvidia\nv_helpers_dx12\ShaderBindingTableGenerator.cpp">
      <Filter>DXR\NvidiaDev\Source Files</Filter>
    </ClCompile>
    <ClCompile Include="DXR\Nvidia\nv_helpers_dx12\TopLevelASGenerator.cpp">
      <Filter>DXR\NvidiaDev\Source Files</Filter>
    </ClCompile>
    <ClCompile Include="DXR\Nvidia\DXSample.cpp">
      <Filter>DXR\NvidiaDev\Source Files</Filter>
    </ClCompile>
  </ItemGroup>
  <ItemGroup>
    <ClInclude Include="App.h" />
    <ClInclude Include="SonarPropagationMain.h" />
    <ClInclude Include="pch.h" />
    <ClInclude Include="DXR\RayTracingRenderer.h">
      <Filter>DXR\Header Files</Filter>
    </ClInclude>
    <ClInclude Include="DXR\Nvidia\nv_helpers_dx12\BottomLevelASGenerator.h">
      <Filter>DXR\NvidiaDev\Header Files</Filter>
    </ClInclude>
    <ClInclude Include="DXR\Nvidia\DXRHelper.h">
      <Filter>DXR\NvidiaDev\Header Files</Filter>
    </ClInclude>
    <ClInclude Include="DXR\Nvidia\nv_helpers_dx12\RaytracingPipelineGenerator.h">
      <Filter>DXR\NvidiaDev\Header Files</Filter>
    </ClInclude>
    <ClInclude Include="DXR\Nvidia\nv_helpers_dx12\RootSignatureGenerator.h">
      <Filter>DXR\NvidiaDev\Header Files</Filter>
    </ClInclude>
    <ClInclude Include="DXR\Nvidia\nv_helpers_dx12\ShaderBindingTableGenerator.h">
      <Filter>DXR\NvidiaDev\Header Files</Filter>
    </ClInclude>
    <ClInclude Include="DXR\Nvidia\nv_helpers_dx12\TopLevelASGenerator.h">
      <Filter>DXR\NvidiaDev\Header Files</Filter>
    </ClInclude>
    <ClInclude Include="DXR\Nvidia\nvidia_include.h">
      <Filter>DXR\NvidiaDev</Filter>
    </ClInclude>
    <ClInclude Include="DXR\Nvidia\DXSample.h">
      <Filter>DXR\NvidiaDev\Header Files</Filter>
    </ClInclude>
    <ClInclude Include="DXR\Nvidia\DXSampleHelper.h">
      <Filter>DXR\NvidiaDev\Header Files</Filter>
    </ClInclude>
  </ItemGroup>
  <ItemGroup>
    <AppxManifest Include="Package.appxmanifest" />
  </ItemGroup>
  <ItemGroup>
    <None Include="packages.config" />
  </ItemGroup>
</Project>